
Microsoft Visual Studio Solution File, Format Version 12.00
# Visual Studio Version 16
VisualStudioVersion = 16.0.30907.101
MinimumVisualStudioVersion = 10.0.40219.1
Project("{FAE04EC0-301F-11D3-BF4B-00C04F79EFBC}") = "Sernic", "Sernic\Sernic.csproj", "{D7D32C72-AD8C-4A2D-98C6-31BCE0F0FAC0}"
EndProject
Project("{FAE04EC0-301F-11D3-BF4B-00C04F79EFBC}") = "BLL", "BLL\BLL.csproj", "{39967F08-F50E-49EA-8809-F16EF81B1116}"
EndProject
Project("{FAE04EC0-301F-11D3-BF4B-00C04F79EFBC}") = "DLL", "DLL\DLL.csproj", "{DEAABE78-EDD7-41FE-8708-7989A969DC33}"
EndProject
Global
	GlobalSection(SolutionConfigurationPlatforms) = preSolution
		Debug|Any CPU = Debug|Any CPU
		Release|Any CPU = Release|Any CPU
	EndGlobalSection
	GlobalSection(ProjectConfigurationPlatforms) = postSolution
		{D7D32C72-AD8C-4A2D-98C6-31BCE0F0FAC0}.Debug|Any CPU.ActiveCfg = Debug|Any CPU
		{D7D32C72-AD8C-4A2D-98C6-31BCE0F0FAC0}.Debug|Any CPU.Build.0 = Debug|Any CPU
		{D7D32C72-AD8C-4A2D-98C6-31BCE0F0FAC0}.Release|Any CPU.ActiveCfg = Release|Any CPU
		{D7D32C72-AD8C-4A2D-98C6-31BCE0F0FAC0}.Release|Any CPU.Build.0 = Release|Any CPU
		{39967F08-F50E-49EA-8809-F16EF81B1116}.Debug|Any CPU.ActiveCfg = Debug|Any CPU
		{39967F08-F50E-49EA-8809-F16EF81B1116}.Debug|Any CPU.Build.0 = Debug|Any CPU
		{39967F08-F50E-49EA-8809-F16EF81B1116}.Release|Any CPU.ActiveCfg = Release|Any CPU
		{39967F08-F50E-49EA-8809-F16EF81B1116}.Release|Any CPU.Build.0 = Release|Any CPU
		{DEAABE78-EDD7-41FE-8708-7989A969DC33}.Debug|Any CPU.ActiveCfg = Debug|Any CPU
		{DEAABE78-EDD7-41FE-8708-7989A969DC33}.Debug|Any CPU.Build.0 = Debug|Any CPU
		{DEAABE78-EDD7-41FE-8708-7989A969DC33}.Release|Any CPU.ActiveCfg = Release|Any CPU
		{DEAABE78-EDD7-41FE-8708-7989A969DC33}.Release|Any CPU.Build.0 = Release|Any CPU
	EndGlobalSection
	GlobalSection(SolutionProperties) = preSolution
		HideSolutionNode = FALSE
	EndGlobalSection
	GlobalSection(ExtensibilityGlobals) = postSolution
		SolutionGuid = {58ED391E-EFB6-4652-826F-33D03113B5E2}
	EndGlobalSection
EndGlobal
